{
  "name": "Asave",
  "lockfileVersion": 2,
  "requires": true,
  "packages": {
    "": {
      "dependencies": {
        "@fortawesome/fontawesome-free": "^6.1.2",
        "@fortawesome/fontawesome-pro": "^6.1.2"
      }
    },
    "node_modules/@fortawesome/fontawesome-free": {
      "version": "6.1.2",
      "resolved": "https://npm.fontawesome.com/@fortawesome/fontawesome-free/-/6.1.2/fontawesome-free-6.1.2.tgz",
      "integrity": "sha512-XwWADtfdSN73/udaFm+1mnGIj/ShDZNFMe/PRoqv3FhQ4GNI2PUN70yFTPsjq65Lw2C9i4TG5/hTbxXIXVCiqQ==",
      "engines": {
        "node": ">=6"
      }
    },
    "node_modules/@fortawesome/fontawesome-pro": {
      "version": "6.1.2",
      "resolved": "https://npm.fontawesome.com/@fortawesome/fontawesome-pro/-/6.1.2/fontawesome-pro-6.1.2.tgz",
      "integrity": "sha512-ypL8njTaxiJ+QbHwCCOBrGwj11vnlmyrP4lQ9c3pA2+9R3FtZwTKXpYmfSwdF0cXlwglCkq9plmmK8bgk64QeA==",
      "engines": {
        "node": ">=6"
      }
    }
  },
  "dependencies": {
    "@fortawesome/fontawesome-free": {
      "version": "6.1.2",
      "resolved": "https://npm.fontawesome.com/@fortawesome/fontawesome-free/-/6.1.2/fontawesome-free-6.1.2.tgz",
      "integrity": "sha512-XwWADtfdSN73/udaFm+1mnGIj/ShDZNFMe/PRoqv3FhQ4GNI2PUN70yFTPsjq65Lw2C9i4TG5/hTbxXIXVCiqQ=="
    },
    "@fortawesome/fontawesome-pro": {
      "version": "6.1.2",
      "resolved": "https://npm.fontawesome.com/@fortawesome/fontawesome-pro/-/6.1.2/fontawesome-pro-6.1.2.tgz",
      "integrity": "sha512-ypL8njTaxiJ+QbHwCCOBrGwj11vnlmyrP4lQ9c3pA2+9R3FtZwTKXpYmfSwdF0cXlwglCkq9plmmK8bgk64QeA=="
    }
  }
}
